
Microsoft Visual Studio Solution File, Format Version 12.00
# Visual Studio Version 17
VisualStudioVersion = 17.2.32519.379
MinimumVisualStudioVersion = 10.0.40219.1
Project("{FAE04EC0-301F-11D3-BF4B-00C04F79EFBC}") = "Seção 9 - Exercicio cap", "Seção 9 - Exercicio cap\Seção 9 - Exercicio cap.csproj", "{1F302D31-779D-4DD8-B0E4-751F828DEE9D}"
EndProject
Global
	GlobalSection(SolutionConfigurationPlatforms) = preSolution
		Debug|Any CPU = Debug|Any CPU
		Release|Any CPU = Release|Any CPU
	EndGlobalSection
	GlobalSection(ProjectConfigurationPlatforms) = postSolution
		{1F302D31-779D-4DD8-B0E4-751F828DEE9D}.Debug|Any CPU.ActiveCfg = Debug|Any CPU
		{1F302D31-779D-4DD8-B0E4-751F828DEE9D}.Debug|Any CPU.Build.0 = Debug|Any CPU
		{1F302D31-779D-4DD8-B0E4-751F828DEE9D}.Release|Any CPU.ActiveCfg = Release|Any CPU
		{1F302D31-779D-4DD8-B0E4-751F828DEE9D}.Release|Any CPU.Build.0 = Release|Any CPU
	EndGlobalSection
	GlobalSection(SolutionProperties) = preSolution
		HideSolutionNode = FALSE
	EndGlobalSection
	GlobalSection(ExtensibilityGlobals) = postSolution
		SolutionGuid = {787F9109-C4BE-431A-B4CB-6E48CC31858D}
	EndGlobalSection
EndGlobal
