
Microsoft Visual Studio Solution File, Format Version 12.00
# Visual Studio Version 17
VisualStudioVersion = 17.2.32519.379
MinimumVisualStudioVersion = 10.0.40219.1
Project("{FAE04EC0-301F-11D3-BF4B-00C04F79EFBC}") = "Seção 14 - Interfaces", "Seção 14 - Interfaces\Seção 14 - Interfaces.csproj", "{1F600873-D944-4AD9-A0FE-2CA25A56C669}"
EndProject
Global
	GlobalSection(SolutionConfigurationPlatforms) = preSolution
		Debug|Any CPU = Debug|Any CPU
		Release|Any CPU = Release|Any CPU
	EndGlobalSection
	GlobalSection(ProjectConfigurationPlatforms) = postSolution
		{1F600873-D944-4AD9-A0FE-2CA25A56C669}.Debug|Any CPU.ActiveCfg = Debug|Any CPU
		{1F600873-D944-4AD9-A0FE-2CA25A56C669}.Debug|Any CPU.Build.0 = Debug|Any CPU
		{1F600873-D944-4AD9-A0FE-2CA25A56C669}.Release|Any CPU.ActiveCfg = Release|Any CPU
		{1F600873-D944-4AD9-A0FE-2CA25A56C669}.Release|Any CPU.Build.0 = Release|Any CPU
	EndGlobalSection
	GlobalSection(SolutionProperties) = preSolution
		HideSolutionNode = FALSE
	EndGlobalSection
	GlobalSection(ExtensibilityGlobals) = postSolution
		SolutionGuid = {B217801E-8B6D-438B-8B82-C83F6D1D2AFB}
	EndGlobalSection
EndGlobal
